
Microsoft Visual Studio Solution File, Format Version 12.00
# Visual Studio Version 17
VisualStudioVersion = 17.8.34330.188
MinimumVisualStudioVersion = 10.0.40219.1
Project("{9A19103F-16F7-4668-BE54-9A1E7A4F7556}") = "Registro_Libro2", "Registro_Libro2\Registro_Libro2.csproj", "{BEE738EE-CC85-44A4-8E75-B3DF65C203D9}"
EndProject
Global
	GlobalSection(SolutionConfigurationPlatforms) = preSolution
		Debug|Any CPU = Debug|Any CPU
		Release|Any CPU = Release|Any CPU
	EndGlobalSection
	GlobalSection(ProjectConfigurationPlatforms) = postSolution
		{BEE738EE-CC85-44A4-8E75-B3DF65C203D9}.Debug|Any CPU.ActiveCfg = Debug|Any CPU
		{BEE738EE-CC85-44A4-8E75-B3DF65C203D9}.Debug|Any CPU.Build.0 = Debug|Any CPU
		{BEE738EE-CC85-44A4-8E75-B3DF65C203D9}.Release|Any CPU.ActiveCfg = Release|Any CPU
		{BEE738EE-CC85-44A4-8E75-B3DF65C203D9}.Release|Any CPU.Build.0 = Release|Any CPU
	EndGlobalSection
	GlobalSection(SolutionProperties) = preSolution
		HideSolutionNode = FALSE
	EndGlobalSection
	GlobalSection(ExtensibilityGlobals) = postSolution
		SolutionGuid = {697801CE-C769-4C88-BEAE-1E871784AD69}
	EndGlobalSection
EndGlobal
